<?xml version="1.0" encoding="UTF-8" standalone="yes" ?>
<CodeBlocks_project_file>
	<FileVersion major="1" minor="6" />
	<Project>
		<Option title="Prosjekt" />
		<Option pch_mode="2" />
		<Option compiler="gcc" />
		<Build>
			<Target title="Debug">
				<Option output="bin/Debug/Prosjekt" prefix_auto="1" extension_auto="1" />
				<Option object_output="obj/Debug/" />
				<Option type="1" />
				<Option compiler="gcc" />
				<Compiler>
					<Add option="-g" />
				</Compiler>
			</Target>
			<Target title="Release">
				<Option output="bin/Release/Prosjekt" prefix_auto="1" extension_auto="1" />
				<Option object_output="obj/Release/" />
				<Option type="1" />
				<Option compiler="gcc" />
				<Compiler>
					<Add option="-O2" />
				</Compiler>
				<Linker>
					<Add option="-s" />
				</Linker>
			</Target>
		</Build>
		<Compiler>
			<Add option="-Wall" />
		</Compiler>
		<Unit filename="../Bolig.cpp" />
		<Unit filename="../Bolig.h" />
		<Unit filename="../Class.h" />
		<Unit filename="../Const.h" />
		<Unit filename="../Enebolig.cpp" />
		<Unit filename="../Enebolig.h" />
		<Unit filename="../Funksjoner.cpp" />
		<Unit filename="../Funksjoner.h" />
		<Unit filename="../Kunde.cpp" />
		<Unit filename="../Kunde.h" />
		<Unit filename="../Kunder.cpp" />
		<Unit filename="../Kunder.h" />
		<Unit filename="../LesData3.cpp" />
		<Unit filename="../LesData3.h" />
		<Unit filename="../Main.cpp" />
		<Unit filename="../Sone.cpp" />
		<Unit filename="../Sone.h" />
		<Unit filename="../Soner.cpp" />
		<Unit filename="../Soner.h" />
		<Extensions>
			<code_completion />
			<envvars />
			<debugger />
		</Extensions>
	</Project>
</CodeBlocks_project_file>
